// !$*UTF8*$!
{
	archiveVersion = 1;
	classes = {
	};
	objectVersion = 46;
	objects = {

/* Begin PBXBuildFile section */
		845FACBC1B452EF40061C44B /* AppDelegate.swift in Sources */ = {isa = PBXBuildFile; fileRef = 845FACBB1B452EF40061C44B /* AppDelegate.swift */; };
		845FACBE1B452EF40061C44B /* ViewController.swift in Sources */ = {isa = PBXBuildFile; fileRef = 845FACBD1B452EF40061C44B /* ViewController.swift */; };
		845FACC11B452EF40061C44B /* Main.storyboard in Resources */ = {isa = PBXBuildFile; fileRef = 845FACBF1B452EF40061C44B /* Main.storyboard */; };
		845FACC31B452EF40061C44B /* Images.xcassets in Resources */ = {isa = PBXBuildFile; fileRef = 845FACC21B452EF40061C44B /* Images.xcassets */; };
		845FACC61B452EF40061C44B /* LaunchScreen.xib in Resources */ = {isa = PBXBuildFile; fileRef = 845FACC41B452EF40061C44B /* LaunchScreen.xib */; };
		845FACD21B452EF50061C44B /* CalTests.swift in Sources */ = {isa = PBXBuildFile; fileRef = 845FACD11B452EF50061C44B /* CalTests.swift */; };
/* End PBXBuildFile section */

/* Begin PBXContainerItemProxy section */
		845FACCC1B452EF40061C44B /* PBXContainerItemProxy */ = {
			isa = PBXContainerItemProxy;
			containerPortal = 845FACAE1B452EF40061C44B /* Project object */;
			proxyType = 1;
			remoteGlobalIDString = 845FACB51B452EF40061C44B;
			remoteInfo = Cal;
		};
/* End PBXContainerItemProxy section */

/* Begin PBXFileReference section */
		845FACB61B452EF40061C44B /* Cal.app */ = {isa = PBXFileReference; explicitFileType = wrapper.application; includeInIndex = 0; path = Cal.app; sourceTree = BUILT_PRODUCTS_DIR; };
		845FACBA1B452EF40061C44B /* Info.plist */ = {isa = PBXFileReference; lastKnownFileType = text.plist.xml; path = Info.plist; sourceTree = "<group>"; };
		845FACBB1B452EF40061C44B /* AppDelegate.swift */ = {isa = PBXFileReference; lastKnownFileType = sourcecode.swift; path = AppDelegate.swift; sourceTree = "<group>"; };
		845FACBD1B452EF40061C44B /* ViewController.swift */ = {isa = PBXFileReference; lastKnownFileType = sourcecode.swift; lineEnding = 0; path = ViewController.swift; sourceTree = "<group>"; xcLanguageSpecificationIdentifier = xcode.lang.swift; };
		845FACC01B452EF40061C44B /* Base */ = {isa = PBXFileReference; lastKnownFileType = file.storyboard; name = Base; path = Base.lproj/Main.storyboard; sourceTree = "<group>"; };
		845FACC21B452EF40061C44B /* Images.xcassets */ = {isa = PBXFileReference; lastKnownFileType = folder.assetcatalog; path = Images.xcassets; sourceTree = "<group>"; };
		845FACC51B452EF40061C44B /* Base */ = {isa = PBXFileReference; lastKnownFileType = file.xib; name = Base; path = Base.lproj/LaunchScreen.xib; sourceTree = "<group>"; };
		845FACCB1B452EF40061C44B /* CalTests.xctest */ = {isa = PBXFileReference; explicitFileType = wrapper.cfbundle; includeInIndex = 0; path = CalTests.xctest; sourceTree = BUILT_PRODUCTS_DIR; };
		845FACD01B452EF50061C44B /* Info.plist */ = {isa = PBXFileReference; lastKnownFileType = text.plist.xml; path = Info.plist; sourceTree = "<group>"; };
		845FACD11B452EF50061C44B /* CalTests.swift */ = {isa = PBXFileReference; lastKnownFileType = sourcecode.swift; path = CalTests.swift; sourceTree = "<group>"; };
/* End PBXFileReference section */

/* Begin PBXFrameworksBuildPhase section */
		845FACB31B452EF40061C44B /* Frameworks */ = {
			isa = PBXFrameworksBuildPhase;
			buildActionMask = 2147483647;
			files = (
			);
			runOnlyForDeploymentPostprocessing = 0;
		};
		845FACC81B452EF40061C44B /* Frameworks */ = {
			isa = PBXFrameworksBuildPhase;
			buildActionMask = 2147483647;
			files = (
			);
			runOnlyForDeploymentPostprocessing = 0;
		};
/* End PBXFrameworksBuildPhase section */

/* Begin PBXGroup section */
		845FACAD1B452EF40061C44B = {
			isa = PBXGroup;
			children = (
				845FACB81B452EF40061C44B /* Cal */,
				845FACCE1B452EF40061C44B /* CalTests */,
				845FACB71B452EF40061C44B /* Products */,
			);
			sourceTree = "<group>";
		};
		845FACB71B452EF40061C44B /* Products */ = {
			isa = PBXGroup;
			children = (
				845FACB61B452EF40061C44B /* Cal.app */,
				845FACCB1B452EF40061C44B /* CalTests.xctest */,
			);
			name = Products;
			sourceTree = "<group>";
		};
		845FACB81B452EF40061C44B /* Cal */ = {
			isa = PBXGroup;
			children = (
				845FACBB1B452EF40061C44B /* AppDelegate.swift */,
				845FACBD1B452EF40061C44B /* ViewController.swift */,
				845FACBF1B452EF40061C44B /* Main.storyboard */,
				845FACC21B452EF40061C44B /* Images.xcassets */,
				845FACC41B452EF40061C44B /* LaunchScreen.xib */,
				845FACB91B452EF40061C44B /* Supporting Files */,
			);
			path = Cal;
			sourceTree = "<group>";
		};
		845FACB91B452EF40061C44B /* Supporting Files */ = {
			isa = PBXGroup;
			children = (
				845FACBA1B452EF40061C44B /* Info.plist */,
			);
			name = "Supporting Files";
			sourceTree = "<group>";
		};
		845FACCE1B452EF40061C44B /* CalTests */ = {
			isa = PBXGroup;
			children = (
				845FACD11B452EF50061C44B /* CalTests.swift */,
				845FACCF1B452EF50061C44B /* Supporting Files */,
			);
			path = CalTests;
			sourceTree = "<group>";
		};
		845FACCF1B452EF50061C44B /* Supporting Files */ = {
			isa = PBXGroup;
			children = (
				845FACD01B452EF50061C44B /* Info.plist */,
			);
			name = "Supporting Files";
			sourceTree = "<group>";
		};
/* End PBXGroup section */

/* Begin PBXNativeTarget section */
		845FACB51B452EF40061C44B /* Cal */ = {
			isa = PBXNativeTarget;
			buildConfigurationList = 845FACD51B452EF50061C44B /* Build configuration list for PBXNativeTarget "Cal" */;
			buildPhases = (
				845FACB21B452EF40061C44B /* Sources */,
				845FACB31B452EF40061C44B /* Frameworks */,
				845FACB41B452EF40061C44B /* Resources */,
			);
			buildRules = (
			);
			dependencies = (
			);
			name = Cal;
			productName = Cal;
			productReference = 845FACB61B452EF40061C44B /* Cal.app */;
			productType = "com.apple.product-type.application";
		};
		845FACCA1B452EF40061C44B /* CalTests */ = {
			isa = PBXNativeTarget;
			buildConfigurationList = 845FACD81B452EF50061C44B /* Build configuration list for PBXNativeTarget "CalTests" */;
			buildPhases = (
				845FACC71B452EF40061C44B /* Sources */,
				845FACC81B452EF40061C44B /* Frameworks */,
				845FACC91B452EF40061C44B /* Resources */,
			);
			buildRules = (
			);
			dependencies = (
				845FACCD1B452EF40061C44B /* PBXTargetDependency */,
			);
			name = CalTests;
			productName = CalTests;
			productReference = 845FACCB1B452EF40061C44B /* CalTests.xctest */;
			productType = "com.apple.product-type.bundle.unit-test";
		};
/* End PBXNativeTarget section */

/* Begin PBXProject section */
		845FACAE1B452EF40061C44B /* Project object */ = {
			isa = PBXProject;
			attributes = {
				LastSwiftUpdateCheck = 0730;
				LastUpgradeCheck = 0630;
				ORGANIZATIONNAME = admin;
				TargetAttributes = {
					845FACB51B452EF40061C44B = {
						CreatedOnToolsVersion = 6.3;
					};
					845FACCA1B452EF40061C44B = {
						CreatedOnToolsVersion = 6.3;
						TestTargetID = 845FACB51B452EF40061C44B;
					};
				};
			};
			buildConfigurationList = 845FACB11B452EF40061C44B /* Build configuration list for PBXProject "Cal" */;
			compatibilityVersion = "Xcode 3.2";
			developmentRegion = English;
			hasScannedForEncodings = 0;
			knownRegions = (
				en,
				Base,
			);
			mainGroup = 845FACAD1B452EF40061C44B;
			productRefGroup = 845FACB71B452EF40061C44B /* Products */;
			projectDirPath = "";
			projectRoot = "";
			targets = (
				845FACB51B452EF40061C44B /* Cal */,
				845FACCA1B452EF40061C44B /* CalTests */,
			);
		};
/* End PBXProject section */

/* Begin PBXResourcesBuildPhase section */
		845FACB41B452EF40061C44B /* Resources */ = {
			isa = PBXResourcesBuildPhase;
			buildActionMask = 2147483647;
			files = (
				845FACC11B452EF40061C44B /* Main.storyboard in Resources */,
				845FACC61B452EF40061C44B /* LaunchScreen.xib in Resources */,
				845FACC31B452EF40061C44B /* Images.xcassets in Resources */,
			);
			runOnlyForDeploymentPostprocessing = 0;
		};
		845FACC91B452EF40061C44B /* Resources */ = {
			isa = PBXResourcesBuildPhase;
			buildActionMask = 2147483647;
			files = (
			);
			runOnlyForDeploymentPostprocessing = 0;
		};
/* End PBXResourcesBuildPhase section */

/* Begin PBXSourcesBuildPhase section */
		845FACB21B452EF40061C44B /* Sources */ = {
			isa = PBXSourcesBuildPhase;
			buildActionMask = 2147483647;
			files = (
				845FACBE1B452EF40061C44B /* ViewController.swift in Sources */,
				845FACBC1B452EF40061C44B /* AppDelegate.swift in Sources */,
			);
			runOnlyForDeploymentPostprocessing = 0;
		};
		845FACC71B452EF40061C44B /* Sources */ = {
			isa = PBXSourcesBuildPhase;
			buildActionMask = 2147483647;
			files = (
				845FACD21B452EF50061C44B /* CalTests.swift in Sources */,
			);
			runOnlyForDeploymentPostprocessing = 0;
		};
/* End PBXSourcesBuildPhase section */

/* Begin PBXTargetDependency section */
		845FACCD1B452EF40061C44B /* PBXTargetDependency */ = {
			isa = PBXTargetDependency;
			target = 845FACB51B452EF40061C44B /* Cal */;
			targetProxy = 845FACCC1B452EF40061C44B /* PBXContainerItemProxy */;
		};
/* End PBXTargetDependency section */

/* Begin PBXVariantGroup section */
		845FACBF1B452EF40061C44B /* Main.storyboard */ = {
			isa = PBXVariantGroup;
			children = (
				845FACC01B452EF40061C44B /* Base */,
			);
			name = Main.storyboard;
			sourceTree = "<group>";
		};
		845FACC41B452EF40061C44B /* LaunchScreen.xib */ = {
			isa = PBXVariantGroup;
			children = (
				845FACC51B452EF40061C44B /* Base */,
			);
			name = LaunchScreen.xib;
			sourceTree = "<group>";
		};
/* End PBXVariantGroup section */

/* Begin XCBuildConfiguration section */
		845FACD31B452EF50061C44B /* Debug */ = {
			isa = XCBuildConfiguration;
			buildSettings = {
				ALWAYS_SEARCH_USER_PATHS = NO;
				CLANG_CXX_LANGUAGE_STANDARD = "gnu++0x";
				CLANG_CXX_LIBRARY = "libc++";
				CLANG_ENABLE_MODULES = YES;
				CLANG_ENABLE_OBJC_ARC = YES;
				CLANG_WARN_BOOL_CONVERSION = YES;
				CLANG_WARN_CONSTANT_CONVERSION = YES;
				CLANG_WARN_DIRECT_OBJC_ISA_USAGE = YES_ERROR;
				CLANG_WARN_EMPTY_BODY = YES;
				CLANG_WARN_ENUM_CONVERSION = YES;
				CLANG_WARN_INT_CONVERSION = YES;
				CLANG_WARN_OBJC_ROOT_CLASS = YES_ERROR;
				CLANG_WARN_UNREACHABLE_CODE = YES;
				CLANG_WARN__DUPLICATE_METHOD_MATCH = YES;
				"CODE_SIGN_IDENTITY[sdk=iphoneos*]" = "iPhone Developer";
				COPY_PHASE_STRIP = NO;
				DEBUG_INFORMATION_FORMAT = "dwarf-with-dsym";
				ENABLE_STRICT_OBJC_MSGSEND = YES;
				GCC_C_LANGUAGE_STANDARD = gnu99;
				GCC_DYNAMIC_NO_PIC = NO;
				GCC_NO_COMMON_BLOCKS = YES;
				GCC_OPTIMIZATION_LEVEL = 0;
				GCC_PREPROCESSOR_DEFINITIONS = (
					"DEBUG=1",
					"$(inherited)",
				);
				GCC_SYMBOLS_PRIVATE_EXTERN = NO;
				GCC_WARN_64_TO_32_BIT_CONVERSION = YES;
				GCC_WARN_ABOUT_RETURN_TYPE = YES_ERROR;
				GCC_WARN_UNDECLARED_SELECTOR = YES;
				GCC_WARN_UNINITIALIZED_AUTOS = YES_AGGRESSIVE;
				GCC_WARN_UNUSED_FUNCTION = YES;
				GCC_WARN_UNUSED_VARIABLE = YES;
				IPHONEOS_DEPLOYMENT_TARGET = 8.3;
				MTL_ENABLE_DEBUG_INFO = YES;
				ONLY_ACTIVE_ARCH = YES;
				SDKROOT = iphoneos;
				SWIFT_OPTIMIZATION_LEVEL = "-Onone";
				TARGETED_DEVICE_FAMILY = "1,2";
			};
			name = Debug;
		};
		845FACD41B452EF50061C44B /* Release */ = {
			isa = XCBuildConfiguration;
			buildSettings = {
				ALWAYS_SEARCH_USER_PATHS = NO;
				CLANG_CXX_LANGUAGE_STANDARD = "gnu++0x";
				CLANG_CXX_LIBRARY = "libc++";
				CLANG_ENABLE_MODULES = YES;
				CLANG_ENABLE_OBJC_ARC = YES;
				CLANG_WARN_BOOL_CONVERSION = YES;
				CLANG_WARN_CONSTANT_CONVERSION = YES;
				CLANG_WARN_DIRECT_OBJC_ISA_USAGE = YES_ERROR;
				CLANG_WARN_EMPTY_BODY = YES;
				CLANG_WARN_ENUM_CONVERSION = YES;
				CLANG_WARN_INT_CONVERSION = YES;
				CLANG_WARN_OBJC_ROOT_CLASS = YES_ERROR;
				CLANG_WARN_UNREACHABLE_CODE = YES;
				CLANG_WARN__DUPLICATE_METHOD_MATCH = YES;
				"CODE_SIGN_IDENTITY[sdk=iphoneos*]" = "iPhone Developer";
				COPY_PHASE_STRIP = NO;
				DEBUG_INFORMATION_FORMAT = "dwarf-with-dsym";
				ENABLE_NS_ASSERTIONS = NO;
				ENABLE_STRICT_OBJC_MSGSEND = YES;
				GCC_C_LANGUAGE_STANDARD = gnu99;
				GCC_NO_COMMON_BLOCKS = YES;
				GCC_WARN_64_TO_32_BIT_CONVERSION = YES;
				GCC_WARN_ABOUT_RETURN_TYPE = YES_ERROR;
				GCC_WARN_UNDECLARED_SELECTOR = YES;
				GCC_WARN_UNINITIALIZED_AUTOS = YES_AGGRESSIVE;
				GCC_WARN_UNUSED_FUNCTION = YES;
				GCC_WARN_UNUSED_VARIABLE = YES;
				IPHONEOS_DEPLOYMENT_TARGET = 8.3;
				MTL_ENABLE_DEBUG_INFO = NO;
				SDKROOT = iphoneos;
				TARGETED_DEVICE_FAMILY = "1,2";
				VALIDATE_PRODUCT = YES;
			};
			name = Release;
		};
		845FACD61B452EF50061C44B /* Debug */ = {
			isa = XCBuildConfiguration;
			buildSettings = {
				ASSETCATALOG_COMPILER_APPICON_NAME = AppIcon;
				INFOPLIST_FILE = Cal/Info.plist;
				LD_RUNPATH_SEARCH_PATHS = "$(inherited) @executable_path/Frameworks";
				PRODUCT_NAME = "$(TARGET_NAME)";
			};
			name = Debug;
		};
		845FACD71B452EF50061C44B /* Release */ = {
			isa = XCBuildConfiguration;
			buildSettings = {
				ASSETCATALOG_COMPILER_APPICON_NAME = AppIcon;
				INFOPLIST_FILE = Cal/Info.plist;
				LD_RUNPATH_SEARCH_PATHS = "$(inherited) @executable_path/Frameworks";
				PRODUCT_NAME = "$(TARGET_NAME)";
			};
			name = Release;
		};
		845FACD91B452EF50061C44B /* Debug */ = {
			isa = XCBuildConfiguration;
			buildSettings = {
				BUNDLE_LOADER = "$(TEST_HOST)";
				FRAMEWORK_SEARCH_PATHS = (
					"$(SDKROOT)/Developer/Library/Frameworks",
					"$(inherited)",
				);
				GCC_PREPROCESSOR_DEFINITIONS = (
					"DEBUG=1",
					"$(inherited)",
				);
				INFOPLIST_FILE = CalTests/Info.plist;
				LD_RUNPATH_SEARCH_PATHS = "$(inherited) @executable_path/Frameworks @loader_path/Frameworks";
				PRODUCT_NAME = "$(TARGET_NAME)";
				TEST_HOST = "$(BUILT_PRODUCTS_DIR)/Cal.app/Cal";
			};
			name = Debug;
		};
		845FACDA1B452EF50061C44B /* Release */ = {
			isa = XCBuildConfiguration;
			buildSettings = {
				BUNDLE_LOADER = "$(TEST_HOST)";
				FRAMEWORK_SEARCH_PATHS = (
					"$(SDKROOT)/Developer/Library/Frameworks",
					"$(inherited)",
				);
				INFOPLIST_FILE = CalTests/Info.plist;
				LD_RUNPATH_SEARCH_PATHS = "$(inherited) @executable_path/Frameworks @loader_path/Frameworks";
				PRODUCT_NAME = "$(TARGET_NAME)";
				TEST_HOST = "$(BUILT_PRODUCTS_DIR)/Cal.app/Cal";
			};
			name = Release;
		};
/* End XCBuildConfiguration section */

/* Begin XCConfigurationList section */
		845FACB11B452EF40061C44B /* Build configuration list for PBXProject "Cal" */ = {
			isa = XCConfigurationList;
			buildConfigurations = (
				845FACD31B452EF50061C44B /* Debug */,
				845FACD41B452EF50061C44B /* Release */,
			);
			defaultConfigurationIsVisible = 0;
			defaultConfigurationName = Release;
		};
		845FACD51B452EF50061C44B /* Build configuration list for PBXNativeTarget "Cal" */ = {
			isa = XCConfigurationList;
			buildConfigurations = (
				845FACD61B452EF50061C44B /* Debug */,
				845FACD71B452EF50061C44B /* Release */,
			);
			defaultConfigurationIsVisible = 0;
			defaultConfigurationName = Release;
		};
		845FACD81B452EF50061C44B /* Build configuration list for PBXNativeTarget "CalTests" */ = {
			isa = XCConfigurationList;
			buildConfigurations = (
				845FACD91B452EF50061C44B /* Debug */,
				845FACDA1B452EF50061C44B /* Release */,
			);
			defaultConfigurationIsVisible = 0;
			defaultConfigurationName = Release;
		};
/* End XCConfigurationList section */
	};
	rootObject = 845FACAE1B452EF40061C44B /* Project object */;
}
